
Microsoft Visual Studio Solution File, Format Version 12.00
# Visual Studio Version 17
VisualStudioVersion = 17.11.35327.3
MinimumVisualStudioVersion = 10.0.40219.1
Project("{FAE04EC0-301F-11D3-BF4B-00C04F79EFBC}") = "TaskManager", "TaskManager\TaskManager.csproj", "{1CD3755B-82C7-4BFC-908F-8FF978BCB78E}"
EndProject
Global
	GlobalSection(SolutionConfigurationPlatforms) = preSolution
		Debug|Any CPU = Debug|Any CPU
		Release|Any CPU = Release|Any CPU
	EndGlobalSection
	GlobalSection(ProjectConfigurationPlatforms) = postSolution
		{1CD3755B-82C7-4BFC-908F-8FF978BCB78E}.Debug|Any CPU.ActiveCfg = Debug|Any CPU
		{1CD3755B-82C7-4BFC-908F-8FF978BCB78E}.Debug|Any CPU.Build.0 = Debug|Any CPU
		{1CD3755B-82C7-4BFC-908F-8FF978BCB78E}.Release|Any CPU.ActiveCfg = Release|Any CPU
		{1CD3755B-82C7-4BFC-908F-8FF978BCB78E}.Release|Any CPU.Build.0 = Release|Any CPU
	EndGlobalSection
	GlobalSection(SolutionProperties) = preSolution
		HideSolutionNode = FALSE
	EndGlobalSection
	GlobalSection(ExtensibilityGlobals) = postSolution
		SolutionGuid = {379A7327-05A3-49F1-88EC-7C07D8EDEBE9}
	EndGlobalSection
EndGlobal
